
Microsoft Visual Studio Solution File, Format Version 12.00
# Visual Studio Version 17
VisualStudioVersion = 17.0.31912.275
MinimumVisualStudioVersion = 10.0.40219.1
Project("{FAE04EC0-301F-11D3-BF4B-00C04F79EFBC}") = "TwoSum", "TwoSum\TwoSum.csproj", "{8008A815-65C9-4CF8-9DCA-95313E7C508A}"
EndProject
Global
	GlobalSection(SolutionConfigurationPlatforms) = preSolution
		Debug|Any CPU = Debug|Any CPU
		Release|Any CPU = Release|Any CPU
	EndGlobalSection
	GlobalSection(ProjectConfigurationPlatforms) = postSolution
		{8008A815-65C9-4CF8-9DCA-95313E7C508A}.Debug|Any CPU.ActiveCfg = Debug|Any CPU
		{8008A815-65C9-4CF8-9DCA-95313E7C508A}.Debug|Any CPU.Build.0 = Debug|Any CPU
		{8008A815-65C9-4CF8-9DCA-95313E7C508A}.Release|Any CPU.ActiveCfg = Release|Any CPU
		{8008A815-65C9-4CF8-9DCA-95313E7C508A}.Release|Any CPU.Build.0 = Release|Any CPU
	EndGlobalSection
	GlobalSection(SolutionProperties) = preSolution
		HideSolutionNode = FALSE
	EndGlobalSection
	GlobalSection(ExtensibilityGlobals) = postSolution
		SolutionGuid = {BB2F16CD-EB19-498A-B460-44EC6971E647}
	EndGlobalSection
EndGlobal
